{
  "version": "5",
  "specifiers": {
    "jsr:@cross/deepmerge@1": "1.0.0",
    "jsr:@cross/dir@^1.1.0": "1.1.0",
    "jsr:@cross/env@1": "1.0.2",
    "jsr:@cross/runtime@1": "1.1.0",
    "jsr:@cross/utils@0.7": "0.7.1",
    "jsr:@david/console-static-text@0.3": "0.3.0",
    "jsr:@david/dax@~0.43.2": "0.43.2",
    "jsr:@david/path@0.2": "0.2.0",
    "jsr:@david/which@~0.4.1": "0.4.1",
    "jsr:@std/bytes@^1.0.5": "1.0.6",
    "jsr:@std/fmt@1": "1.0.8",
    "jsr:@std/fmt@^1.0.8": "1.0.8",
    "jsr:@std/fs@1": "1.0.19",
    "jsr:@std/internal@^1.0.9": "1.0.10",
    "jsr:@std/io@0.225": "0.225.2",
    "jsr:@std/path@1": "1.1.1",
    "jsr:@std/path@^1.1.1": "1.1.1",
    "npm:@types/node@*": "24.2.0",
    "npm:is-truthy-ts@^1.0.2": "1.0.2",
    "npm:p-memoize@8": "8.0.0",
    "npm:zod@^4.1.12": "4.1.12"
  },
  "jsr": {
    "@cross/deepmerge@1.0.0": {
      "integrity": "1e1318a74e31ba1959b9aa0acae8bd417b806f74ffd25ac07c90e12f83ad6b1d"
    },
    "@cross/dir@1.1.0": {
      "integrity": "41eb779daf160f53bc33ef91f593f332fffc52ec9b81f87178db564718534e59",
      "dependencies": [
        "jsr:@cross/env",
        "jsr:@cross/runtime",
        "jsr:@cross/utils"
      ]
    },
    "@cross/env@1.0.2": {
      "integrity": "28501ad1043c218a5b00fe5db27ec62c01ab16371bbe1b9d738496f0a7c5eeb8",
      "dependencies": [
        "jsr:@cross/deepmerge",
        "jsr:@cross/runtime"
      ]
    },
    "@cross/runtime@1.1.0": {
      "integrity": "f35a3b768a9de125277329483b684062ffc9ee86f4449cb8b3d614adcad64ffb"
    },
    "@cross/utils@0.7.1": {
      "integrity": "6cc50ad31b0904364188c43d10e3d4888d817a3d415528b014c27deb8a35564e",
      "dependencies": [
        "jsr:@cross/runtime"
      ]
    },
    "@david/console-static-text@0.3.0": {
      "integrity": "2dfb46ecee525755f7989f94ece30bba85bd8ffe3e8666abc1bf926e1ee0698d"
    },
    "@david/dax@0.43.2": {
      "integrity": "8c7df175465d994c0e3568e3eb91102768c2f1c86d2a513d7fc4cab13f9cb328",
      "dependencies": [
        "jsr:@david/console-static-text",
        "jsr:@david/path",
        "jsr:@david/which",
        "jsr:@std/fmt@1",
        "jsr:@std/fs",
        "jsr:@std/io",
        "jsr:@std/path@1"
      ]
    },
    "@david/path@0.2.0": {
      "integrity": "f2d7aa7f02ce5a55e27c09f9f1381794acb09d328f8d3c8a2e3ab3ffc294dccd",
      "dependencies": [
        "jsr:@std/fs",
        "jsr:@std/path@1"
      ]
    },
    "@david/which@0.4.1": {
      "integrity": "896a682b111f92ab866cc70c5b4afab2f5899d2f9bde31ed00203b9c250f225e"
    },
    "@std/bytes@1.0.6": {
      "integrity": "f6ac6adbd8ccd99314045f5703e23af0a68d7f7e58364b47d2c7f408aeb5820a"
    },
    "@std/fmt@1.0.8": {
      "integrity": "71e1fc498787e4434d213647a6e43e794af4fd393ef8f52062246e06f7e372b7"
    },
    "@std/fs@1.0.19": {
      "integrity": "051968c2b1eae4d2ea9f79a08a3845740ef6af10356aff43d3e2ef11ed09fb06",
      "dependencies": [
        "jsr:@std/internal",
        "jsr:@std/path@^1.1.1"
      ]
    },
    "@std/internal@1.0.10": {
      "integrity": "e3be62ce42cab0e177c27698e5d9800122f67b766a0bea6ca4867886cbde8cf7"
    },
    "@std/io@0.225.2": {
      "integrity": "3c740cd4ee4c082e6cfc86458f47e2ab7cb353dc6234d5e9b1f91a2de5f4d6c7",
      "dependencies": [
        "jsr:@std/bytes"
      ]
    },
    "@std/path@1.1.1": {
      "integrity": "fe00026bd3a7e6a27f73709b83c607798be40e20c81dde655ce34052fd82ec76",
      "dependencies": [
        "jsr:@std/internal"
      ]
    }
  },
  "npm": {
    "@types/node@24.2.0": {
      "integrity": "sha512-3xyG3pMCq3oYCNg7/ZP+E1ooTaGB4cG8JWRsqqOYQdbWNY4zbaV0Ennrd7stjiJEFZCaybcIgpTjJWHRfBSIDw==",
      "dependencies": [
        "undici-types"
      ]
    },
    "is-truthy-ts@1.0.2": {
      "integrity": "sha512-DDIN+AmWJUrwU7tFhlu1s9jViccjAPSmkoI5GM7R0j/hFKoRBy6/u2OUo1Pdr65rFAL9NR+m7dcSD+p/q95xXQ=="
    },
    "mimic-function@5.0.1": {
      "integrity": "sha512-VP79XUPxV2CigYP3jWwAUFSku2aKqBH7uTAapFWCBqutsbmDo96KY5o8uh6U+/YSIn5OxJnXp73beVkpqMIGhA=="
    },
    "p-memoize@8.0.0": {
      "integrity": "sha512-jdZ10MCxavHoIHwJ5oweOtYy6ElPixEHaMkz0AuaEMovR1MRpVvYFzIEHRxgMEpXYzNpRVByFAniAzwmd1/uug==",
      "dependencies": [
        "mimic-function",
        "type-fest"
      ]
    },
    "type-fest@4.41.0": {
      "integrity": "sha512-TeTSQ6H5YHvpqVwBRcnLDCBnDOHWYu7IvGbHT6N8AOymcr9PJGjc1GTtiWZTYg0NCgYwvnYWEkVChQAr9bjfwA=="
    },
    "undici-types@7.10.0": {
      "integrity": "sha512-t5Fy/nfn+14LuOc2KNYg75vZqClpAiqscVvMygNnlsHBFpSXdJaYtXMcdNLpl/Qvc3P2cB3s6lOV51nqsFq4ag=="
    },
    "zod@4.1.12": {
      "integrity": "sha512-JInaHOamG8pt5+Ey8kGmdcAcg3OL9reK8ltczgHTAwNhMys/6ThXHityHxVV2p3fkw/c+MAvBHFVYHFZDmjMCQ=="
    }
  },
  "workspace": {
    "dependencies": [
      "jsr:@cross/dir@^1.1.0",
      "jsr:@david/dax@~0.43.2",
      "jsr:@std/fmt@^1.0.8",
      "npm:is-truthy-ts@^1.0.2",
      "npm:p-memoize@8",
      "npm:zod@^4.1.12"
    ]
  }
}
